// !$*UTF8*$!
{
	archiveVersion = 1;
	classes = {
	};
	objectVersion = 46;
	objects = {

/* Begin PBXBuildFile section */
		F476510A1E8CEBCE000D9D09 /* main.cpp in Sources */ = {isa = PBXBuildFile; fileRef = F47651091E8CEBCE000D9D09 /* main.cpp */; settings = {COMPILER_FLAGS = "-w"; }; };
		F47651121E8CECAF000D9D09 /* GLUT.framework in Frameworks */ = {isa = PBXBuildFile; fileRef = F47651111E8CECAF000D9D09 /* GLUT.framework */; };
		F47651141E8CECB4000D9D09 /* OpenGL.framework in Frameworks */ = {isa = PBXBuildFile; fileRef = F47651131E8CECB4000D9D09 /* OpenGL.framework */; };
/* End PBXBuildFile section */

/* Begin PBXCopyFilesBuildPhase section */
		F47651041E8CEBCE000D9D09 /* CopyFiles */ = {
			isa = PBXCopyFilesBuildPhase;
			buildActionMask = 2147483647;
			dstPath = /usr/share/man/man1/;
			dstSubfolderSpec = 0;
			files = (
			);
			runOnlyForDeploymentPostprocessing = 1;
		};
/* End PBXCopyFilesBuildPhase section */

/* Begin PBXFileReference section */
		F47651061E8CEBCE000D9D09 /* ProyectoGraficas */ = {isa = PBXFileReference; explicitFileType = "compiled.mach-o.executable"; includeInIndex = 0; path = ProyectoGraficas; sourceTree = BUILT_PRODUCTS_DIR; };
		F47651091E8CEBCE000D9D09 /* main.cpp */ = {isa = PBXFileReference; lastKnownFileType = sourcecode.cpp.cpp; path = main.cpp; sourceTree = "<group>"; };
		F47651111E8CECAF000D9D09 /* GLUT.framework */ = {isa = PBXFileReference; lastKnownFileType = wrapper.framework; name = GLUT.framework; path = System/Library/Frameworks/GLUT.framework; sourceTree = SDKROOT; };
		F47651131E8CECB4000D9D09 /* OpenGL.framework */ = {isa = PBXFileReference; lastKnownFileType = wrapper.framework; name = OpenGL.framework; path = System/Library/Frameworks/OpenGL.framework; sourceTree = SDKROOT; };
/* End PBXFileReference section */

/* Begin PBXFrameworksBuildPhase section */
		F47651031E8CEBCE000D9D09 /* Frameworks */ = {
			isa = PBXFrameworksBuildPhase;
			buildActionMask = 2147483647;
			files = (
				F47651141E8CECB4000D9D09 /* OpenGL.framework in Frameworks */,
				F47651121E8CECAF000D9D09 /* GLUT.framework in Frameworks */,
			);
			runOnlyForDeploymentPostprocessing = 0;
		};
/* End PBXFrameworksBuildPhase section */

/* Begin PBXGroup section */
		F47650FD1E8CEBCD000D9D09 = {
			isa = PBXGroup;
			children = (
				F47651081E8CEBCE000D9D09 /* ProyectoGraficas */,
				F47651071E8CEBCE000D9D09 /* Products */,
				F47651101E8CECAF000D9D09 /* Frameworks */,
			);
			sourceTree = "<group>";
		};
		F47651071E8CEBCE000D9D09 /* Products */ = {
			isa = PBXGroup;
			children = (
				F47651061E8CEBCE000D9D09 /* ProyectoGraficas */,
			);
			name = Products;
			sourceTree = "<group>";
		};
		F47651081E8CEBCE000D9D09 /* ProyectoGraficas */ = {
			isa = PBXGroup;
			children = (
				F47651091E8CEBCE000D9D09 /* main.cpp */,
			);
			path = ProyectoGraficas;
			sourceTree = "<group>";
		};
		F47651101E8CECAF000D9D09 /* Frameworks */ = {
			isa = PBXGroup;
			children = (
				F47651131E8CECB4000D9D09 /* OpenGL.framework */,
				F47651111E8CECAF000D9D09 /* GLUT.framework */,
			);
			name = Frameworks;
			sourceTree = "<group>";
		};
/* End PBXGroup section */

/* Begin PBXNativeTarget section */
		F47651051E8CEBCE000D9D09 /* ProyectoGraficas */ = {
			isa = PBXNativeTarget;
			buildConfigurationList = F476510D1E8CEBCE000D9D09 /* Build configuration list for PBXNativeTarget "ProyectoGraficas" */;
			buildPhases = (
				F47651021E8CEBCE000D9D09 /* Sources */,
				F47651031E8CEBCE000D9D09 /* Frameworks */,
				F47651041E8CEBCE000D9D09 /* CopyFiles */,
			);
			buildRules = (
			);
			dependencies = (
			);
			name = ProyectoGraficas;
			productName = ProyectoGraficas;
			productReference = F47651061E8CEBCE000D9D09 /* ProyectoGraficas */;
			productType = "com.apple.product-type.tool";
		};
/* End PBXNativeTarget section */

/* Begin PBXProject section */
		F47650FE1E8CEBCD000D9D09 /* Project object */ = {
			isa = PBXProject;
			attributes = {
				LastUpgradeCheck = 0820;
				ORGANIZATIONNAME = "Fernando Chávez Rivera";
				TargetAttributes = {
					F47651051E8CEBCE000D9D09 = {
						CreatedOnToolsVersion = 8.2.1;
						ProvisioningStyle = Automatic;
					};
				};
			};
			buildConfigurationList = F47651011E8CEBCD000D9D09 /* Build configuration list for PBXProject "ProyectoGraficas" */;
			compatibilityVersion = "Xcode 3.2";
			developmentRegion = English;
			hasScannedForEncodings = 0;
			knownRegions = (
				en,
			);
			mainGroup = F47650FD1E8CEBCD000D9D09;
			productRefGroup = F47651071E8CEBCE000D9D09 /* Products */;
			projectDirPath = "";
			projectRoot = "";
			targets = (
				F47651051E8CEBCE000D9D09 /* ProyectoGraficas */,
			);
		};
/* End PBXProject section */

/* Begin PBXSourcesBuildPhase section */
		F47651021E8CEBCE000D9D09 /* Sources */ = {
			isa = PBXSourcesBuildPhase;
			buildActionMask = 2147483647;
			files = (
				F476510A1E8CEBCE000D9D09 /* main.cpp in Sources */,
			);
			runOnlyForDeploymentPostprocessing = 0;
		};
/* End PBXSourcesBuildPhase section */

/* Begin XCBuildConfiguration section */
		F476510B1E8CEBCE000D9D09 /* Debug */ = {
			isa = XCBuildConfiguration;
			buildSettings = {
				ALWAYS_SEARCH_USER_PATHS = NO;
				CLANG_ANALYZER_NONNULL = YES;
				CLANG_CXX_LANGUAGE_STANDARD = "gnu++0x";
				CLANG_CXX_LIBRARY = "libc++";
				CLANG_ENABLE_MODULES = YES;
				CLANG_ENABLE_OBJC_ARC = YES;
				CLANG_WARN_BOOL_CONVERSION = YES;
				CLANG_WARN_CONSTANT_CONVERSION = YES;
				CLANG_WARN_DIRECT_OBJC_ISA_USAGE = YES_ERROR;
				CLANG_WARN_DOCUMENTATION_COMMENTS = YES;
				CLANG_WARN_EMPTY_BODY = YES;
				CLANG_WARN_ENUM_CONVERSION = YES;
				CLANG_WARN_INFINITE_RECURSION = YES;
				CLANG_WARN_INT_CONVERSION = YES;
				CLANG_WARN_OBJC_ROOT_CLASS = YES_ERROR;
				CLANG_WARN_SUSPICIOUS_MOVE = YES;
				CLANG_WARN_UNREACHABLE_CODE = YES;
				CLANG_WARN__DUPLICATE_METHOD_MATCH = YES;
				CODE_SIGN_IDENTITY = "-";
				COPY_PHASE_STRIP = NO;
				DEBUG_INFORMATION_FORMAT = dwarf;
				ENABLE_STRICT_OBJC_MSGSEND = YES;
				ENABLE_TESTABILITY = YES;
				GCC_C_LANGUAGE_STANDARD = gnu99;
				GCC_DYNAMIC_NO_PIC = NO;
				GCC_NO_COMMON_BLOCKS = YES;
				GCC_OPTIMIZATION_LEVEL = 0;
				GCC_PREPROCESSOR_DEFINITIONS = (
					"DEBUG=1",
					"$(inherited)",
				);
				GCC_WARN_64_TO_32_BIT_CONVERSION = YES;
				GCC_WARN_ABOUT_RETURN_TYPE = YES_ERROR;
				GCC_WARN_UNDECLARED_SELECTOR = YES;
				GCC_WARN_UNINITIALIZED_AUTOS = YES_AGGRESSIVE;
				GCC_WARN_UNUSED_FUNCTION = YES;
				GCC_WARN_UNUSED_VARIABLE = YES;
				MACOSX_DEPLOYMENT_TARGET = 10.12;
				MTL_ENABLE_DEBUG_INFO = YES;
				ONLY_ACTIVE_ARCH = YES;
				SDKROOT = macosx;
			};
			name = Debug;
		};
		F476510C1E8CEBCE000D9D09 /* Release */ = {
			isa = XCBuildConfiguration;
			buildSettings = {
				ALWAYS_SEARCH_USER_PATHS = NO;
				CLANG_ANALYZER_NONNULL = YES;
				CLANG_CXX_LANGUAGE_STANDARD = "gnu++0x";
				CLANG_CXX_LIBRARY = "libc++";
				CLANG_ENABLE_MODULES = YES;
				CLANG_ENABLE_OBJC_ARC = YES;
				CLANG_WARN_BOOL_CONVERSION = YES;
				CLANG_WARN_CONSTANT_CONVERSION = YES;
				CLANG_WARN_DIRECT_OBJC_ISA_USAGE = YES_ERROR;
				CLANG_WARN_DOCUMENTATION_COMMENTS = YES;
				CLANG_WARN_EMPTY_BODY = YES;
				CLANG_WARN_ENUM_CONVERSION = YES;
				CLANG_WARN_INFINITE_RECURSION = YES;
				CLANG_WARN_INT_CONVERSION = YES;
				CLANG_WARN_OBJC_ROOT_CLASS = YES_ERROR;
				CLANG_WARN_SUSPICIOUS_MOVE = YES;
				CLANG_WARN_UNREACHABLE_CODE = YES;
				CLANG_WARN__DUPLICATE_METHOD_MATCH = YES;
				CODE_SIGN_IDENTITY = "-";
				COPY_PHASE_STRIP = NO;
				DEBUG_INFORMATION_FORMAT = "dwarf-with-dsym";
				ENABLE_NS_ASSERTIONS = NO;
				ENABLE_STRICT_OBJC_MSGSEND = YES;
				GCC_C_LANGUAGE_STANDARD = gnu99;
				GCC_NO_COMMON_BLOCKS = YES;
				GCC_WARN_64_TO_32_BIT_CONVERSION = YES;
				GCC_WARN_ABOUT_RETURN_TYPE = YES_ERROR;
				GCC_WARN_UNDECLARED_SELECTOR = YES;
				GCC_WARN_UNINITIALIZED_AUTOS = YES_AGGRESSIVE;
				GCC_WARN_UNUSED_FUNCTION = YES;
				GCC_WARN_UNUSED_VARIABLE = YES;
				MACOSX_DEPLOYMENT_TARGET = 10.12;
				MTL_ENABLE_DEBUG_INFO = NO;
				SDKROOT = macosx;
			};
			name = Release;
		};
		F476510E1E8CEBCE000D9D09 /* Debug */ = {
			isa = XCBuildConfiguration;
			buildSettings = {
				PRODUCT_NAME = "$(TARGET_NAME)";
			};
			name = Debug;
		};
		F476510F1E8CEBCE000D9D09 /* Release */ = {
			isa = XCBuildConfiguration;
			buildSettings = {
				PRODUCT_NAME = "$(TARGET_NAME)";
			};
			name = Release;
		};
/* End XCBuildConfiguration section */

/* Begin XCConfigurationList section */
		F47651011E8CEBCD000D9D09 /* Build configuration list for PBXProject "ProyectoGraficas" */ = {
			isa = XCConfigurationList;
			buildConfigurations = (
				F476510B1E8CEBCE000D9D09 /* Debug */,
				F476510C1E8CEBCE000D9D09 /* Release */,
			);
			defaultConfigurationIsVisible = 0;
			defaultConfigurationName = Release;
		};
		F476510D1E8CEBCE000D9D09 /* Build configuration list for PBXNativeTarget "ProyectoGraficas" */ = {
			isa = XCConfigurationList;
			buildConfigurations = (
				F476510E1E8CEBCE000D9D09 /* Debug */,
				F476510F1E8CEBCE000D9D09 /* Release */,
			);
			defaultConfigurationIsVisible = 0;
			defaultConfigurationName = Release;
		};
/* End XCConfigurationList section */
	};
	rootObject = F47650FE1E8CEBCD000D9D09 /* Project object */;
}
